# This file is autogenerated, do not edit; changes may be undone by the next 'dep ensure'.


[[projects]]
  digest = "1:4d6f036ea3fe636bcb2e89850bcdc62a771354e157cd51b8b22a2de8562bf663"
  name = "cloud.google.com/go"
  packages = ["compute/metadata"]
  pruneopts = "UT"
  revision = "c9474f2f8deb81759839474b6bd1726bbfe1c1c4"
  version = "v0.36.0"

[[projects]]
  digest = "1:1c86051c0a7d05488287a822ebc371f434b01d6362ae37a5ec73ff749c8af56f"
  name = "github.com/aws/aws-sdk-go"
  packages = [
    "aws",
    "aws/awserr",
    "aws/awsutil",
    "aws/client",
    "aws/client/metadata",
    "aws/credentials",
    "aws/crr",
    "aws/endpoints",
    "aws/request",
    "aws/signer/v4",
    "internal/ini",
    "internal/sdkio",
    "internal/sdkrand",
    "internal/shareddefaults",
    "private/protocol",
    "private/protocol/json/jsonutil",
    "private/protocol/jsonrpc",
    "private/protocol/rest",
    "service/dynamodb",
    "service/dynamodbstreams",
  ]
  pruneopts = "UT"
  revision = "33f1087245887dc9a8090de089808120b299bbec"
  version = "v1.17.0"

[[projects]]
  digest = "1:97df918963298c287643883209a2c3f642e6593379f97ab400c2a2e219ab647d"
  name = "github.com/golang/protobuf"
  packages = ["proto"]
  pruneopts = "UT"
  revision = "aa810b61a9c79d51363740d207bb46cf8e620ed5"
  version = "v1.2.0"

[[projects]]
  digest = "1:bb81097a5b62634f3e9fec1014657855610c82d19b9a40c17612e32651e35dca"
  name = "github.com/jmespath/go-jmespath"
  packages = ["."]
  pruneopts = "UT"
  revision = "c2b33e84"

[[projects]]
  branch = "master"
  digest = "1:f8b491a7c25030a895a0e579742d07136e6958e77ef2d46e769db8eec4e58fcd"
  name = "golang.org/x/net"
  packages = [
    "context",
    "context/ctxhttp",
  ]
  pruneopts = "UT"
  revision = "3a22650c66bd7f4fb6d1e8072ffd7b75c8a27898"

[[projects]]
  branch = "master"
  digest = "1:1540fd815845f20e31cb95c3b6f7f0f0c8880c3d053845ba4a4a609539446bf6"
  name = "golang.org/x/oauth2"
  packages = [
    ".",
    "google",
    "internal",
    "jws",
    "jwt",
  ]
  pruneopts = "UT"
  revision = "3e8b2be1363542a95c52ea0796d4a40dacfb5b95"

[[projects]]
  digest = "1:fd78c4f6482e277b720badac057b2d4312779120b45625051529107afc117a71"
  name = "google.golang.org/api"
  packages = [
    "gensupport",
    "googleapi",
    "googleapi/internal/uritemplates",
    "sheets/v4",
  ]
  pruneopts = "UT"
  revision = "19e022d8cf43ce81f046bae8cc18c5397cc7732f"
  version = "v0.1.0"

[[projects]]
  digest = "1:fa026a5c59bd2df343ec4a3538e6288dcf4e2ec5281d743ae82c120affe6926a"
  name = "google.golang.org/appengine"
  packages = [
    ".",
    "internal",
    "internal/app_identity",
    "internal/base",
    "internal/datastore",
    "internal/log",
    "internal/modules",
    "internal/remote_api",
    "internal/urlfetch",
    "urlfetch",
  ]
  pruneopts = "UT"
  revision = "e9657d882bb81064595ca3b56cbe2546bbabf7b1"
  version = "v1.4.0"

[solve-meta]
  analyzer-name = "dep"
  analyzer-version = 1
  input-imports = [
    "github.com/aws/aws-sdk-go/service/dynamodbstreams",
    "golang.org/x/net/context",
    "golang.org/x/oauth2",
    "golang.org/x/oauth2/google",
    "google.golang.org/api/sheets/v4",
  ]
  solver-name = "gps-cdcl"
  solver-version = 1
